
Microsoft Visual Studio Solution File, Format Version 12.00
# Visual Studio Version 16
VisualStudioVersion = 16.0.31005.135
MinimumVisualStudioVersion = 10.0.40219.1
Project("{FAE04EC0-301F-11D3-BF4B-00C04F79EFBC}") = "WindowsFormsApp2", "WindowsFormsApp2\WindowsFormsApp2.csproj", "{15EFCA00-E104-4198-A618-9F5ABA62F2DF}"
EndProject
Global
	GlobalSection(SolutionConfigurationPlatforms) = preSolution
		Debug|Any CPU = Debug|Any CPU
		Release|Any CPU = Release|Any CPU
	EndGlobalSection
	GlobalSection(ProjectConfigurationPlatforms) = postSolution
		{15EFCA00-E104-4198-A618-9F5ABA62F2DF}.Debug|Any CPU.ActiveCfg = Debug|Any CPU
		{15EFCA00-E104-4198-A618-9F5ABA62F2DF}.Debug|Any CPU.Build.0 = Debug|Any CPU
		{15EFCA00-E104-4198-A618-9F5ABA62F2DF}.Release|Any CPU.ActiveCfg = Release|Any CPU
		{15EFCA00-E104-4198-A618-9F5ABA62F2DF}.Release|Any CPU.Build.0 = Release|Any CPU
	EndGlobalSection
	GlobalSection(SolutionProperties) = preSolution
		HideSolutionNode = FALSE
	EndGlobalSection
	GlobalSection(ExtensibilityGlobals) = postSolution
		SolutionGuid = {B0D7DE50-B7EB-48B0-942A-3AF259307535}
	EndGlobalSection
EndGlobal
